// !$*UTF8*$!
{
	archiveVersion = 1;
	classes = {
	};
	objectVersion = 55;
	objects = {

/* Begin PBXBuildFile section */
		CD4B5C43290EE41900F50B62 /* AppDelegate.swift in Sources */ = {isa = PBXBuildFile; fileRef = CD4B5C42290EE41900F50B62 /* AppDelegate.swift */; };
		CD4B5C45290EE41900F50B62 /* SceneDelegate.swift in Sources */ = {isa = PBXBuildFile; fileRef = CD4B5C44290EE41900F50B62 /* SceneDelegate.swift */; };
		CD4B5C47290EE41900F50B62 /* ViewController.swift in Sources */ = {isa = PBXBuildFile; fileRef = CD4B5C46290EE41900F50B62 /* ViewController.swift */; };
		CD4B5C4A290EE41900F50B62 /* Main.storyboard in Resources */ = {isa = PBXBuildFile; fileRef = CD4B5C48290EE41900F50B62 /* Main.storyboard */; };
		CD4B5C4C290EE41900F50B62 /* Assets.xcassets in Resources */ = {isa = PBXBuildFile; fileRef = CD4B5C4B290EE41900F50B62 /* Assets.xcassets */; };
		CD4B5C4F290EE41900F50B62 /* LaunchScreen.storyboard in Resources */ = {isa = PBXBuildFile; fileRef = CD4B5C4D290EE41900F50B62 /* LaunchScreen.storyboard */; };
		CD4B5C57290EF36800F50B62 /* CategoryCell.swift in Sources */ = {isa = PBXBuildFile; fileRef = CD4B5C56290EF36800F50B62 /* CategoryCell.swift */; };
		CD4B5C59290FF0EF00F50B62 /* Extentsion.swift in Sources */ = {isa = PBXBuildFile; fileRef = CD4B5C58290FF0EF00F50B62 /* Extentsion.swift */; };
/* End PBXBuildFile section */

/* Begin PBXFileReference section */
		CD4B5C3F290EE41900F50B62 /* ScrollCategoryPage.app */ = {isa = PBXFileReference; explicitFileType = wrapper.application; includeInIndex = 0; path = ScrollCategoryPage.app; sourceTree = BUILT_PRODUCTS_DIR; };
		CD4B5C42290EE41900F50B62 /* AppDelegate.swift */ = {isa = PBXFileReference; lastKnownFileType = sourcecode.swift; path = AppDelegate.swift; sourceTree = "<group>"; };
		CD4B5C44290EE41900F50B62 /* SceneDelegate.swift */ = {isa = PBXFileReference; lastKnownFileType = sourcecode.swift; path = SceneDelegate.swift; sourceTree = "<group>"; };
		CD4B5C46290EE41900F50B62 /* ViewController.swift */ = {isa = PBXFileReference; lastKnownFileType = sourcecode.swift; path = ViewController.swift; sourceTree = "<group>"; };
		CD4B5C49290EE41900F50B62 /* Base */ = {isa = PBXFileReference; lastKnownFileType = file.storyboard; name = Base; path = Base.lproj/Main.storyboard; sourceTree = "<group>"; };
		CD4B5C4B290EE41900F50B62 /* Assets.xcassets */ = {isa = PBXFileReference; lastKnownFileType = folder.assetcatalog; path = Assets.xcassets; sourceTree = "<group>"; };
		CD4B5C4E290EE41900F50B62 /* Base */ = {isa = PBXFileReference; lastKnownFileType = file.storyboard; name = Base; path = Base.lproj/LaunchScreen.storyboard; sourceTree = "<group>"; };
		CD4B5C50290EE41900F50B62 /* Info.plist */ = {isa = PBXFileReference; lastKnownFileType = text.plist.xml; path = Info.plist; sourceTree = "<group>"; };
		CD4B5C56290EF36800F50B62 /* CategoryCell.swift */ = {isa = PBXFileReference; lastKnownFileType = sourcecode.swift; path = CategoryCell.swift; sourceTree = "<group>"; };
		CD4B5C58290FF0EF00F50B62 /* Extentsion.swift */ = {isa = PBXFileReference; lastKnownFileType = sourcecode.swift; path = Extentsion.swift; sourceTree = "<group>"; };
/* End PBXFileReference section */

/* Begin PBXFrameworksBuildPhase section */
		CD4B5C3C290EE41900F50B62 /* Frameworks */ = {
			isa = PBXFrameworksBuildPhase;
			buildActionMask = 2147483647;
			files = (
			);
			runOnlyForDeploymentPostprocessing = 0;
		};
/* End PBXFrameworksBuildPhase section */

/* Begin PBXGroup section */
		CD4B5C36290EE41800F50B62 = {
			isa = PBXGroup;
			children = (
				CD4B5C41290EE41900F50B62 /* ScrollCategoryPage */,
				CD4B5C40290EE41900F50B62 /* Products */,
			);
			sourceTree = "<group>";
		};
		CD4B5C40290EE41900F50B62 /* Products */ = {
			isa = PBXGroup;
			children = (
				CD4B5C3F290EE41900F50B62 /* ScrollCategoryPage.app */,
			);
			name = Products;
			sourceTree = "<group>";
		};
		CD4B5C41290EE41900F50B62 /* ScrollCategoryPage */ = {
			isa = PBXGroup;
			children = (
				CD4B5C42290EE41900F50B62 /* AppDelegate.swift */,
				CD4B5C44290EE41900F50B62 /* SceneDelegate.swift */,
				CD4B5C58290FF0EF00F50B62 /* Extentsion.swift */,
				CD4B5C5B2910015700F50B62 /* Models */,
				CD4B5C5C2910016100F50B62 /* View */,
				CD4B5C5A2910014E00F50B62 /* Controller */,
				CD4B5C4B290EE41900F50B62 /* Assets.xcassets */,
				CD4B5C4D290EE41900F50B62 /* LaunchScreen.storyboard */,
				CD4B5C50290EE41900F50B62 /* Info.plist */,
			);
			path = ScrollCategoryPage;
			sourceTree = "<group>";
		};
		CD4B5C5A2910014E00F50B62 /* Controller */ = {
			isa = PBXGroup;
			children = (
				CD4B5C46290EE41900F50B62 /* ViewController.swift */,
			);
			path = Controller;
			sourceTree = "<group>";
		};
		CD4B5C5B2910015700F50B62 /* Models */ = {
			isa = PBXGroup;
			children = (
				CD4B5C56290EF36800F50B62 /* CategoryCell.swift */,
			);
			path = Models;
			sourceTree = "<group>";
		};
		CD4B5C5C2910016100F50B62 /* View */ = {
			isa = PBXGroup;
			children = (
				CD4B5C48290EE41900F50B62 /* Main.storyboard */,
			);
			path = View;
			sourceTree = "<group>";
		};
/* End PBXGroup section */

/* Begin PBXNativeTarget section */
		CD4B5C3E290EE41900F50B62 /* ScrollCategoryPage */ = {
			isa = PBXNativeTarget;
			buildConfigurationList = CD4B5C53290EE41900F50B62 /* Build configuration list for PBXNativeTarget "ScrollCategoryPage" */;
			buildPhases = (
				CD4B5C3B290EE41900F50B62 /* Sources */,
				CD4B5C3C290EE41900F50B62 /* Frameworks */,
				CD4B5C3D290EE41900F50B62 /* Resources */,
			);
			buildRules = (
			);
			dependencies = (
			);
			name = ScrollCategoryPage;
			productName = ScrollCategoryPage;
			productReference = CD4B5C3F290EE41900F50B62 /* ScrollCategoryPage.app */;
			productType = "com.apple.product-type.application";
		};
/* End PBXNativeTarget section */

/* Begin PBXProject section */
		CD4B5C37290EE41800F50B62 /* Project object */ = {
			isa = PBXProject;
			attributes = {
				BuildIndependentTargetsInParallel = 1;
				LastSwiftUpdateCheck = 1340;
				LastUpgradeCheck = 1340;
				TargetAttributes = {
					CD4B5C3E290EE41900F50B62 = {
						CreatedOnToolsVersion = 13.4.1;
					};
				};
			};
			buildConfigurationList = CD4B5C3A290EE41800F50B62 /* Build configuration list for PBXProject "ScrollCategoryPage" */;
			compatibilityVersion = "Xcode 13.0";
			developmentRegion = en;
			hasScannedForEncodings = 0;
			knownRegions = (
				en,
				Base,
			);
			mainGroup = CD4B5C36290EE41800F50B62;
			productRefGroup = CD4B5C40290EE41900F50B62 /* Products */;
			projectDirPath = "";
			projectRoot = "";
			targets = (
				CD4B5C3E290EE41900F50B62 /* ScrollCategoryPage */,
			);
		};
/* End PBXProject section */

/* Begin PBXResourcesBuildPhase section */
		CD4B5C3D290EE41900F50B62 /* Resources */ = {
			isa = PBXResourcesBuildPhase;
			buildActionMask = 2147483647;
			files = (
				CD4B5C4F290EE41900F50B62 /* LaunchScreen.storyboard in Resources */,
				CD4B5C4C290EE41900F50B62 /* Assets.xcassets in Resources */,
				CD4B5C4A290EE41900F50B62 /* Main.storyboard in Resources */,
			);
			runOnlyForDeploymentPostprocessing = 0;
		};
/* End PBXResourcesBuildPhase section */

/* Begin PBXSourcesBuildPhase section */
		CD4B5C3B290EE41900F50B62 /* Sources */ = {
			isa = PBXSourcesBuildPhase;
			buildActionMask = 2147483647;
			files = (
				CD4B5C59290FF0EF00F50B62 /* Extentsion.swift in Sources */,
				CD4B5C47290EE41900F50B62 /* ViewController.swift in Sources */,
				CD4B5C43290EE41900F50B62 /* AppDelegate.swift in Sources */,
				CD4B5C45290EE41900F50B62 /* SceneDelegate.swift in Sources */,
				CD4B5C57290EF36800F50B62 /* CategoryCell.swift in Sources */,
			);
			runOnlyForDeploymentPostprocessing = 0;
		};
/* End PBXSourcesBuildPhase section */

/* Begin PBXVariantGroup section */
		CD4B5C48290EE41900F50B62 /* Main.storyboard */ = {
			isa = PBXVariantGroup;
			children = (
				CD4B5C49290EE41900F50B62 /* Base */,
			);
			name = Main.storyboard;
			sourceTree = "<group>";
		};
		CD4B5C4D290EE41900F50B62 /* LaunchScreen.storyboard */ = {
			isa = PBXVariantGroup;
			children = (
				CD4B5C4E290EE41900F50B62 /* Base */,
			);
			name = LaunchScreen.storyboard;
			sourceTree = "<group>";
		};
/* End PBXVariantGroup section */

/* Begin XCBuildConfiguration section */
		CD4B5C51290EE41900F50B62 /* Debug */ = {
			isa = XCBuildConfiguration;
			buildSettings = {
				ALWAYS_SEARCH_USER_PATHS = NO;
				CLANG_ANALYZER_NONNULL = YES;
				CLANG_ANALYZER_NUMBER_OBJECT_CONVERSION = YES_AGGRESSIVE;
				CLANG_CXX_LANGUAGE_STANDARD = "gnu++17";
				CLANG_ENABLE_MODULES = YES;
				CLANG_ENABLE_OBJC_ARC = YES;
				CLANG_ENABLE_OBJC_WEAK = YES;
				CLANG_WARN_BLOCK_CAPTURE_AUTORELEASING = YES;
				CLANG_WARN_BOOL_CONVERSION = YES;
				CLANG_WARN_COMMA = YES;
				CLANG_WARN_CONSTANT_CONVERSION = YES;
				CLANG_WARN_DEPRECATED_OBJC_IMPLEMENTATIONS = YES;
				CLANG_WARN_DIRECT_OBJC_ISA_USAGE = YES_ERROR;
				CLANG_WARN_DOCUMENTATION_COMMENTS = YES;
				CLANG_WARN_EMPTY_BODY = YES;
				CLANG_WARN_ENUM_CONVERSION = YES;
				CLANG_WARN_INFINITE_RECURSION = YES;
				CLANG_WARN_INT_CONVERSION = YES;
				CLANG_WARN_NON_LITERAL_NULL_CONVERSION = YES;
				CLANG_WARN_OBJC_IMPLICIT_RETAIN_SELF = YES;
				CLANG_WARN_OBJC_LITERAL_CONVERSION = YES;
				CLANG_WARN_OBJC_ROOT_CLASS = YES_ERROR;
				CLANG_WARN_QUOTED_INCLUDE_IN_FRAMEWORK_HEADER = YES;
				CLANG_WARN_RANGE_LOOP_ANALYSIS = YES;
				CLANG_WARN_STRICT_PROTOTYPES = YES;
				CLANG_WARN_SUSPICIOUS_MOVE = YES;
				CLANG_WARN_UNGUARDED_AVAILABILITY = YES_AGGRESSIVE;
				CLANG_WARN_UNREACHABLE_CODE = YES;
				CLANG_WARN__DUPLICATE_METHOD_MATCH = YES;
				COPY_PHASE_STRIP = NO;
				DEBUG_INFORMATION_FORMAT = dwarf;
				ENABLE_STRICT_OBJC_MSGSEND = YES;
				ENABLE_TESTABILITY = YES;
				GCC_C_LANGUAGE_STANDARD = gnu11;
				GCC_DYNAMIC_NO_PIC = NO;
				GCC_NO_COMMON_BLOCKS = YES;
				GCC_OPTIMIZATION_LEVEL = 0;
				GCC_PREPROCESSOR_DEFINITIONS = (
					"DEBUG=1",
					"$(inherited)",
				);
				GCC_WARN_64_TO_32_BIT_CONVERSION = YES;
				GCC_WARN_ABOUT_RETURN_TYPE = YES_ERROR;
				GCC_WARN_UNDECLARED_SELECTOR = YES;
				GCC_WARN_UNINITIALIZED_AUTOS = YES_AGGRESSIVE;
				GCC_WARN_UNUSED_FUNCTION = YES;
				GCC_WARN_UNUSED_VARIABLE = YES;
				IPHONEOS_DEPLOYMENT_TARGET = 15.5;
				MTL_ENABLE_DEBUG_INFO = INCLUDE_SOURCE;
				MTL_FAST_MATH = YES;
				ONLY_ACTIVE_ARCH = YES;
				SDKROOT = iphoneos;
				SWIFT_ACTIVE_COMPILATION_CONDITIONS = DEBUG;
				SWIFT_OPTIMIZATION_LEVEL = "-Onone";
			};
			name = Debug;
		};
		CD4B5C52290EE41900F50B62 /* Release */ = {
			isa = XCBuildConfiguration;
			buildSettings = {
				ALWAYS_SEARCH_USER_PATHS = NO;
				CLANG_ANALYZER_NONNULL = YES;
				CLANG_ANALYZER_NUMBER_OBJECT_CONVERSION = YES_AGGRESSIVE;
				CLANG_CXX_LANGUAGE_STANDARD = "gnu++17";
				CLANG_ENABLE_MODULES = YES;
				CLANG_ENABLE_OBJC_ARC = YES;
				CLANG_ENABLE_OBJC_WEAK = YES;
				CLANG_WARN_BLOCK_CAPTURE_AUTORELEASING = YES;
				CLANG_WARN_BOOL_CONVERSION = YES;
				CLANG_WARN_COMMA = YES;
				CLANG_WARN_CONSTANT_CONVERSION = YES;
				CLANG_WARN_DEPRECATED_OBJC_IMPLEMENTATIONS = YES;
				CLANG_WARN_DIRECT_OBJC_ISA_USAGE = YES_ERROR;
				CLANG_WARN_DOCUMENTATION_COMMENTS = YES;
				CLANG_WARN_EMPTY_BODY = YES;
				CLANG_WARN_ENUM_CONVERSION = YES;
				CLANG_WARN_INFINITE_RECURSION = YES;
				CLANG_WARN_INT_CONVERSION = YES;
				CLANG_WARN_NON_LITERAL_NULL_CONVERSION = YES;
				CLANG_WARN_OBJC_IMPLICIT_RETAIN_SELF = YES;
				CLANG_WARN_OBJC_LITERAL_CONVERSION = YES;
				CLANG_WARN_OBJC_ROOT_CLASS = YES_ERROR;
				CLANG_WARN_QUOTED_INCLUDE_IN_FRAMEWORK_HEADER = YES;
				CLANG_WARN_RANGE_LOOP_ANALYSIS = YES;
				CLANG_WARN_STRICT_PROTOTYPES = YES;
				CLANG_WARN_SUSPICIOUS_MOVE = YES;
				CLANG_WARN_UNGUARDED_AVAILABILITY = YES_AGGRESSIVE;
				CLANG_WARN_UNREACHABLE_CODE = YES;
				CLANG_WARN__DUPLICATE_METHOD_MATCH = YES;
				COPY_PHASE_STRIP = NO;
				DEBUG_INFORMATION_FORMAT = "dwarf-with-dsym";
				ENABLE_NS_ASSERTIONS = NO;
				ENABLE_STRICT_OBJC_MSGSEND = YES;
				GCC_C_LANGUAGE_STANDARD = gnu11;
				GCC_NO_COMMON_BLOCKS = YES;
				GCC_WARN_64_TO_32_BIT_CONVERSION = YES;
				GCC_WARN_ABOUT_RETURN_TYPE = YES_ERROR;
				GCC_WARN_UNDECLARED_SELECTOR = YES;
				GCC_WARN_UNINITIALIZED_AUTOS = YES_AGGRESSIVE;
				GCC_WARN_UNUSED_FUNCTION = YES;
				GCC_WARN_UNUSED_VARIABLE = YES;
				IPHONEOS_DEPLOYMENT_TARGET = 15.5;
				MTL_ENABLE_DEBUG_INFO = NO;
				MTL_FAST_MATH = YES;
				SDKROOT = iphoneos;
				SWIFT_COMPILATION_MODE = wholemodule;
				SWIFT_OPTIMIZATION_LEVEL = "-O";
				VALIDATE_PRODUCT = YES;
			};
			name = Release;
		};
		CD4B5C54290EE41900F50B62 /* Debug */ = {
			isa = XCBuildConfiguration;
			buildSettings = {
				ASSETCATALOG_COMPILER_APPICON_NAME = AppIcon;
				ASSETCATALOG_COMPILER_GLOBAL_ACCENT_COLOR_NAME = AccentColor;
				CODE_SIGN_STYLE = Automatic;
				CURRENT_PROJECT_VERSION = 1;
				DEVELOPMENT_TEAM = 846TMZL7WC;
				GENERATE_INFOPLIST_FILE = YES;
				INFOPLIST_FILE = ScrollCategoryPage/Info.plist;
				INFOPLIST_KEY_UIApplicationSupportsIndirectInputEvents = YES;
				INFOPLIST_KEY_UILaunchStoryboardName = LaunchScreen;
				INFOPLIST_KEY_UIMainStoryboardFile = Main;
				INFOPLIST_KEY_UISupportedInterfaceOrientations_iPad = "UIInterfaceOrientationPortrait UIInterfaceOrientationPortraitUpsideDown UIInterfaceOrientationLandscapeLeft UIInterfaceOrientationLandscapeRight";
				INFOPLIST_KEY_UISupportedInterfaceOrientations_iPhone = "UIInterfaceOrientationPortrait UIInterfaceOrientationLandscapeLeft UIInterfaceOrientationLandscapeRight";
				IPHONEOS_DEPLOYMENT_TARGET = 14.0;
				LD_RUNPATH_SEARCH_PATHS = (
					"$(inherited)",
					"@executable_path/Frameworks",
				);
				MARKETING_VERSION = 1.0;
				PRODUCT_BUNDLE_IDENTIFIER = com.jisuKim.ScrollCategoryPage;
				PRODUCT_NAME = "$(TARGET_NAME)";
				SWIFT_EMIT_LOC_STRINGS = YES;
				SWIFT_VERSION = 5.0;
				TARGETED_DEVICE_FAMILY = 1;
			};
			name = Debug;
		};
		CD4B5C55290EE41900F50B62 /* Release */ = {
			isa = XCBuildConfiguration;
			buildSettings = {
				ASSETCATALOG_COMPILER_APPICON_NAME = AppIcon;
				ASSETCATALOG_COMPILER_GLOBAL_ACCENT_COLOR_NAME = AccentColor;
				CODE_SIGN_STYLE = Automatic;
				CURRENT_PROJECT_VERSION = 1;
				DEVELOPMENT_TEAM = 846TMZL7WC;
				GENERATE_INFOPLIST_FILE = YES;
				INFOPLIST_FILE = ScrollCategoryPage/Info.plist;
				INFOPLIST_KEY_UIApplicationSupportsIndirectInputEvents = YES;
				INFOPLIST_KEY_UILaunchStoryboardName = LaunchScreen;
				INFOPLIST_KEY_UIMainStoryboardFile = Main;
				INFOPLIST_KEY_UISupportedInterfaceOrientations_iPad = "UIInterfaceOrientationPortrait UIInterfaceOrientationPortraitUpsideDown UIInterfaceOrientationLandscapeLeft UIInterfaceOrientationLandscapeRight";
				INFOPLIST_KEY_UISupportedInterfaceOrientations_iPhone = "UIInterfaceOrientationPortrait UIInterfaceOrientationLandscapeLeft UIInterfaceOrientationLandscapeRight";
				IPHONEOS_DEPLOYMENT_TARGET = 14.0;
				LD_RUNPATH_SEARCH_PATHS = (
					"$(inherited)",
					"@executable_path/Frameworks",
				);
				MARKETING_VERSION = 1.0;
				PRODUCT_BUNDLE_IDENTIFIER = com.jisuKim.ScrollCategoryPage;
				PRODUCT_NAME = "$(TARGET_NAME)";
				SWIFT_EMIT_LOC_STRINGS = YES;
				SWIFT_VERSION = 5.0;
				TARGETED_DEVICE_FAMILY = 1;
			};
			name = Release;
		};
/* End XCBuildConfiguration section */

/* Begin XCConfigurationList section */
		CD4B5C3A290EE41800F50B62 /* Build configuration list for PBXProject "ScrollCategoryPage" */ = {
			isa = XCConfigurationList;
			buildConfigurations = (
				CD4B5C51290EE41900F50B62 /* Debug */,
				CD4B5C52290EE41900F50B62 /* Release */,
			);
			defaultConfigurationIsVisible = 0;
			defaultConfigurationName = Release;
		};
		CD4B5C53290EE41900F50B62 /* Build configuration list for PBXNativeTarget "ScrollCategoryPage" */ = {
			isa = XCConfigurationList;
			buildConfigurations = (
				CD4B5C54290EE41900F50B62 /* Debug */,
				CD4B5C55290EE41900F50B62 /* Release */,
			);
			defaultConfigurationIsVisible = 0;
			defaultConfigurationName = Release;
		};
/* End XCConfigurationList section */
	};
	rootObject = CD4B5C37290EE41800F50B62 /* Project object */;
}
