// !$*UTF8*$!
{
	archiveVersion = 1;
	classes = {
	};
	objectVersion = 56;
	objects = {

/* Begin PBXBuildFile section */
		CD862E952A0621750070BA8A /* SnapKit in Frameworks */ = {isa = PBXBuildFile; productRef = CD862E942A0621750070BA8A /* SnapKit */; };
		CD862E982A0624280070BA8A /* RxCocoa in Frameworks */ = {isa = PBXBuildFile; productRef = CD862E972A0624280070BA8A /* RxCocoa */; };
		CD862E9A2A0624280070BA8A /* RxSwift in Frameworks */ = {isa = PBXBuildFile; productRef = CD862E992A0624280070BA8A /* RxSwift */; };
		CD862E9C2A0628370070BA8A /* CameraPreviewView.swift in Sources */ = {isa = PBXBuildFile; fileRef = CD862E9B2A0628370070BA8A /* CameraPreviewView.swift */; };
		CDF3FB5B2A050AD300C3B223 /* AppDelegate.swift in Sources */ = {isa = PBXBuildFile; fileRef = CDF3FB5A2A050AD300C3B223 /* AppDelegate.swift */; };
		CDF3FB5D2A050AD300C3B223 /* SceneDelegate.swift in Sources */ = {isa = PBXBuildFile; fileRef = CDF3FB5C2A050AD300C3B223 /* SceneDelegate.swift */; };
		CDF3FB5F2A050AD300C3B223 /* ViewController.swift in Sources */ = {isa = PBXBuildFile; fileRef = CDF3FB5E2A050AD300C3B223 /* ViewController.swift */; };
		CDF3FB622A050AD300C3B223 /* Main.storyboard in Resources */ = {isa = PBXBuildFile; fileRef = CDF3FB602A050AD300C3B223 /* Main.storyboard */; };
		CDF3FB642A050AD400C3B223 /* Assets.xcassets in Resources */ = {isa = PBXBuildFile; fileRef = CDF3FB632A050AD400C3B223 /* Assets.xcassets */; };
		CDF3FB672A050AD400C3B223 /* LaunchScreen.storyboard in Resources */ = {isa = PBXBuildFile; fileRef = CDF3FB652A050AD400C3B223 /* LaunchScreen.storyboard */; };
/* End PBXBuildFile section */

/* Begin PBXFileReference section */
		CD862E9B2A0628370070BA8A /* CameraPreviewView.swift */ = {isa = PBXFileReference; lastKnownFileType = sourcecode.swift; path = CameraPreviewView.swift; sourceTree = "<group>"; };
		CDF3FB572A050AD300C3B223 /* CustomCameraExample.app */ = {isa = PBXFileReference; explicitFileType = wrapper.application; includeInIndex = 0; path = CustomCameraExample.app; sourceTree = BUILT_PRODUCTS_DIR; };
		CDF3FB5A2A050AD300C3B223 /* AppDelegate.swift */ = {isa = PBXFileReference; lastKnownFileType = sourcecode.swift; path = AppDelegate.swift; sourceTree = "<group>"; };
		CDF3FB5C2A050AD300C3B223 /* SceneDelegate.swift */ = {isa = PBXFileReference; lastKnownFileType = sourcecode.swift; path = SceneDelegate.swift; sourceTree = "<group>"; };
		CDF3FB5E2A050AD300C3B223 /* ViewController.swift */ = {isa = PBXFileReference; lastKnownFileType = sourcecode.swift; path = ViewController.swift; sourceTree = "<group>"; };
		CDF3FB612A050AD300C3B223 /* Base */ = {isa = PBXFileReference; lastKnownFileType = file.storyboard; name = Base; path = Base.lproj/Main.storyboard; sourceTree = "<group>"; };
		CDF3FB632A050AD400C3B223 /* Assets.xcassets */ = {isa = PBXFileReference; lastKnownFileType = folder.assetcatalog; path = Assets.xcassets; sourceTree = "<group>"; };
		CDF3FB662A050AD400C3B223 /* Base */ = {isa = PBXFileReference; lastKnownFileType = file.storyboard; name = Base; path = Base.lproj/LaunchScreen.storyboard; sourceTree = "<group>"; };
		CDF3FB682A050AD400C3B223 /* Info.plist */ = {isa = PBXFileReference; lastKnownFileType = text.plist.xml; path = Info.plist; sourceTree = "<group>"; };
/* End PBXFileReference section */

/* Begin PBXFrameworksBuildPhase section */
		CDF3FB542A050AD300C3B223 /* Frameworks */ = {
			isa = PBXFrameworksBuildPhase;
			buildActionMask = 2147483647;
			files = (
				CD862E9A2A0624280070BA8A /* RxSwift in Frameworks */,
				CD862E982A0624280070BA8A /* RxCocoa in Frameworks */,
				CD862E952A0621750070BA8A /* SnapKit in Frameworks */,
			);
			runOnlyForDeploymentPostprocessing = 0;
		};
/* End PBXFrameworksBuildPhase section */

/* Begin PBXGroup section */
		CDF3FB4E2A050AD300C3B223 = {
			isa = PBXGroup;
			children = (
				CDF3FB592A050AD300C3B223 /* CustomCameraExample */,
				CDF3FB582A050AD300C3B223 /* Products */,
			);
			sourceTree = "<group>";
		};
		CDF3FB582A050AD300C3B223 /* Products */ = {
			isa = PBXGroup;
			children = (
				CDF3FB572A050AD300C3B223 /* CustomCameraExample.app */,
			);
			name = Products;
			sourceTree = "<group>";
		};
		CDF3FB592A050AD300C3B223 /* CustomCameraExample */ = {
			isa = PBXGroup;
			children = (
				CDF3FB5A2A050AD300C3B223 /* AppDelegate.swift */,
				CDF3FB5C2A050AD300C3B223 /* SceneDelegate.swift */,
				CDF3FB5E2A050AD300C3B223 /* ViewController.swift */,
				CD862E9B2A0628370070BA8A /* CameraPreviewView.swift */,
				CDF3FB602A050AD300C3B223 /* Main.storyboard */,
				CDF3FB632A050AD400C3B223 /* Assets.xcassets */,
				CDF3FB652A050AD400C3B223 /* LaunchScreen.storyboard */,
				CDF3FB682A050AD400C3B223 /* Info.plist */,
			);
			path = CustomCameraExample;
			sourceTree = "<group>";
		};
/* End PBXGroup section */

/* Begin PBXNativeTarget section */
		CDF3FB562A050AD300C3B223 /* CustomCameraExample */ = {
			isa = PBXNativeTarget;
			buildConfigurationList = CDF3FB6B2A050AD400C3B223 /* Build configuration list for PBXNativeTarget "CustomCameraExample" */;
			buildPhases = (
				CDF3FB532A050AD300C3B223 /* Sources */,
				CDF3FB542A050AD300C3B223 /* Frameworks */,
				CDF3FB552A050AD300C3B223 /* Resources */,
			);
			buildRules = (
			);
			dependencies = (
			);
			name = CustomCameraExample;
			packageProductDependencies = (
				CD862E942A0621750070BA8A /* SnapKit */,
				CD862E972A0624280070BA8A /* RxCocoa */,
				CD862E992A0624280070BA8A /* RxSwift */,
			);
			productName = CustomCameraExample;
			productReference = CDF3FB572A050AD300C3B223 /* CustomCameraExample.app */;
			productType = "com.apple.product-type.application";
		};
/* End PBXNativeTarget section */

/* Begin PBXProject section */
		CDF3FB4F2A050AD300C3B223 /* Project object */ = {
			isa = PBXProject;
			attributes = {
				BuildIndependentTargetsInParallel = 1;
				LastSwiftUpdateCheck = 1430;
				LastUpgradeCheck = 1430;
				TargetAttributes = {
					CDF3FB562A050AD300C3B223 = {
						CreatedOnToolsVersion = 14.3;
					};
				};
			};
			buildConfigurationList = CDF3FB522A050AD300C3B223 /* Build configuration list for PBXProject "CustomCameraExample" */;
			compatibilityVersion = "Xcode 14.0";
			developmentRegion = en;
			hasScannedForEncodings = 0;
			knownRegions = (
				en,
				Base,
			);
			mainGroup = CDF3FB4E2A050AD300C3B223;
			packageReferences = (
				CD862E932A0621750070BA8A /* XCRemoteSwiftPackageReference "SnapKit" */,
				CD862E962A0624280070BA8A /* XCRemoteSwiftPackageReference "RxSwift" */,
			);
			productRefGroup = CDF3FB582A050AD300C3B223 /* Products */;
			projectDirPath = "";
			projectRoot = "";
			targets = (
				CDF3FB562A050AD300C3B223 /* CustomCameraExample */,
			);
		};
/* End PBXProject section */

/* Begin PBXResourcesBuildPhase section */
		CDF3FB552A050AD300C3B223 /* Resources */ = {
			isa = PBXResourcesBuildPhase;
			buildActionMask = 2147483647;
			files = (
				CDF3FB672A050AD400C3B223 /* LaunchScreen.storyboard in Resources */,
				CDF3FB642A050AD400C3B223 /* Assets.xcassets in Resources */,
				CDF3FB622A050AD300C3B223 /* Main.storyboard in Resources */,
			);
			runOnlyForDeploymentPostprocessing = 0;
		};
/* End PBXResourcesBuildPhase section */

/* Begin PBXSourcesBuildPhase section */
		CDF3FB532A050AD300C3B223 /* Sources */ = {
			isa = PBXSourcesBuildPhase;
			buildActionMask = 2147483647;
			files = (
				CD862E9C2A0628370070BA8A /* CameraPreviewView.swift in Sources */,
				CDF3FB5F2A050AD300C3B223 /* ViewController.swift in Sources */,
				CDF3FB5B2A050AD300C3B223 /* AppDelegate.swift in Sources */,
				CDF3FB5D2A050AD300C3B223 /* SceneDelegate.swift in Sources */,
			);
			runOnlyForDeploymentPostprocessing = 0;
		};
/* End PBXSourcesBuildPhase section */

/* Begin PBXVariantGroup section */
		CDF3FB602A050AD300C3B223 /* Main.storyboard */ = {
			isa = PBXVariantGroup;
			children = (
				CDF3FB612A050AD300C3B223 /* Base */,
			);
			name = Main.storyboard;
			sourceTree = "<group>";
		};
		CDF3FB652A050AD400C3B223 /* LaunchScreen.storyboard */ = {
			isa = PBXVariantGroup;
			children = (
				CDF3FB662A050AD400C3B223 /* Base */,
			);
			name = LaunchScreen.storyboard;
			sourceTree = "<group>";
		};
/* End PBXVariantGroup section */

/* Begin XCBuildConfiguration section */
		CDF3FB692A050AD400C3B223 /* Debug */ = {
			isa = XCBuildConfiguration;
			buildSettings = {
				ALWAYS_SEARCH_USER_PATHS = NO;
				CLANG_ANALYZER_NONNULL = YES;
				CLANG_ANALYZER_NUMBER_OBJECT_CONVERSION = YES_AGGRESSIVE;
				CLANG_CXX_LANGUAGE_STANDARD = "gnu++20";
				CLANG_ENABLE_MODULES = YES;
				CLANG_ENABLE_OBJC_ARC = YES;
				CLANG_ENABLE_OBJC_WEAK = YES;
				CLANG_WARN_BLOCK_CAPTURE_AUTORELEASING = YES;
				CLANG_WARN_BOOL_CONVERSION = YES;
				CLANG_WARN_COMMA = YES;
				CLANG_WARN_CONSTANT_CONVERSION = YES;
				CLANG_WARN_DEPRECATED_OBJC_IMPLEMENTATIONS = YES;
				CLANG_WARN_DIRECT_OBJC_ISA_USAGE = YES_ERROR;
				CLANG_WARN_DOCUMENTATION_COMMENTS = YES;
				CLANG_WARN_EMPTY_BODY = YES;
				CLANG_WARN_ENUM_CONVERSION = YES;
				CLANG_WARN_INFINITE_RECURSION = YES;
				CLANG_WARN_INT_CONVERSION = YES;
				CLANG_WARN_NON_LITERAL_NULL_CONVERSION = YES;
				CLANG_WARN_OBJC_IMPLICIT_RETAIN_SELF = YES;
				CLANG_WARN_OBJC_LITERAL_CONVERSION = YES;
				CLANG_WARN_OBJC_ROOT_CLASS = YES_ERROR;
				CLANG_WARN_QUOTED_INCLUDE_IN_FRAMEWORK_HEADER = YES;
				CLANG_WARN_RANGE_LOOP_ANALYSIS = YES;
				CLANG_WARN_STRICT_PROTOTYPES = YES;
				CLANG_WARN_SUSPICIOUS_MOVE = YES;
				CLANG_WARN_UNGUARDED_AVAILABILITY = YES_AGGRESSIVE;
				CLANG_WARN_UNREACHABLE_CODE = YES;
				CLANG_WARN__DUPLICATE_METHOD_MATCH = YES;
				COPY_PHASE_STRIP = NO;
				DEBUG_INFORMATION_FORMAT = dwarf;
				ENABLE_STRICT_OBJC_MSGSEND = YES;
				ENABLE_TESTABILITY = YES;
				GCC_C_LANGUAGE_STANDARD = gnu11;
				GCC_DYNAMIC_NO_PIC = NO;
				GCC_NO_COMMON_BLOCKS = YES;
				GCC_OPTIMIZATION_LEVEL = 0;
				GCC_PREPROCESSOR_DEFINITIONS = (
					"DEBUG=1",
					"$(inherited)",
				);
				GCC_WARN_64_TO_32_BIT_CONVERSION = YES;
				GCC_WARN_ABOUT_RETURN_TYPE = YES_ERROR;
				GCC_WARN_UNDECLARED_SELECTOR = YES;
				GCC_WARN_UNINITIALIZED_AUTOS = YES_AGGRESSIVE;
				GCC_WARN_UNUSED_FUNCTION = YES;
				GCC_WARN_UNUSED_VARIABLE = YES;
				IPHONEOS_DEPLOYMENT_TARGET = 14.0;
				MTL_ENABLE_DEBUG_INFO = INCLUDE_SOURCE;
				MTL_FAST_MATH = YES;
				ONLY_ACTIVE_ARCH = YES;
				SDKROOT = iphoneos;
				SWIFT_ACTIVE_COMPILATION_CONDITIONS = DEBUG;
				SWIFT_OPTIMIZATION_LEVEL = "-Onone";
			};
			name = Debug;
		};
		CDF3FB6A2A050AD400C3B223 /* Release */ = {
			isa = XCBuildConfiguration;
			buildSettings = {
				ALWAYS_SEARCH_USER_PATHS = NO;
				CLANG_ANALYZER_NONNULL = YES;
				CLANG_ANALYZER_NUMBER_OBJECT_CONVERSION = YES_AGGRESSIVE;
				CLANG_CXX_LANGUAGE_STANDARD = "gnu++20";
				CLANG_ENABLE_MODULES = YES;
				CLANG_ENABLE_OBJC_ARC = YES;
				CLANG_ENABLE_OBJC_WEAK = YES;
				CLANG_WARN_BLOCK_CAPTURE_AUTORELEASING = YES;
				CLANG_WARN_BOOL_CONVERSION = YES;
				CLANG_WARN_COMMA = YES;
				CLANG_WARN_CONSTANT_CONVERSION = YES;
				CLANG_WARN_DEPRECATED_OBJC_IMPLEMENTATIONS = YES;
				CLANG_WARN_DIRECT_OBJC_ISA_USAGE = YES_ERROR;
				CLANG_WARN_DOCUMENTATION_COMMENTS = YES;
				CLANG_WARN_EMPTY_BODY = YES;
				CLANG_WARN_ENUM_CONVERSION = YES;
				CLANG_WARN_INFINITE_RECURSION = YES;
				CLANG_WARN_INT_CONVERSION = YES;
				CLANG_WARN_NON_LITERAL_NULL_CONVERSION = YES;
				CLANG_WARN_OBJC_IMPLICIT_RETAIN_SELF = YES;
				CLANG_WARN_OBJC_LITERAL_CONVERSION = YES;
				CLANG_WARN_OBJC_ROOT_CLASS = YES_ERROR;
				CLANG_WARN_QUOTED_INCLUDE_IN_FRAMEWORK_HEADER = YES;
				CLANG_WARN_RANGE_LOOP_ANALYSIS = YES;
				CLANG_WARN_STRICT_PROTOTYPES = YES;
				CLANG_WARN_SUSPICIOUS_MOVE = YES;
				CLANG_WARN_UNGUARDED_AVAILABILITY = YES_AGGRESSIVE;
				CLANG_WARN_UNREACHABLE_CODE = YES;
				CLANG_WARN__DUPLICATE_METHOD_MATCH = YES;
				COPY_PHASE_STRIP = NO;
				DEBUG_INFORMATION_FORMAT = "dwarf-with-dsym";
				ENABLE_NS_ASSERTIONS = NO;
				ENABLE_STRICT_OBJC_MSGSEND = YES;
				GCC_C_LANGUAGE_STANDARD = gnu11;
				GCC_NO_COMMON_BLOCKS = YES;
				GCC_WARN_64_TO_32_BIT_CONVERSION = YES;
				GCC_WARN_ABOUT_RETURN_TYPE = YES_ERROR;
				GCC_WARN_UNDECLARED_SELECTOR = YES;
				GCC_WARN_UNINITIALIZED_AUTOS = YES_AGGRESSIVE;
				GCC_WARN_UNUSED_FUNCTION = YES;
				GCC_WARN_UNUSED_VARIABLE = YES;
				IPHONEOS_DEPLOYMENT_TARGET = 14.0;
				MTL_ENABLE_DEBUG_INFO = NO;
				MTL_FAST_MATH = YES;
				SDKROOT = iphoneos;
				SWIFT_COMPILATION_MODE = wholemodule;
				SWIFT_OPTIMIZATION_LEVEL = "-O";
				VALIDATE_PRODUCT = YES;
			};
			name = Release;
		};
		CDF3FB6C2A050AD400C3B223 /* Debug */ = {
			isa = XCBuildConfiguration;
			buildSettings = {
				ASSETCATALOG_COMPILER_APPICON_NAME = AppIcon;
				ASSETCATALOG_COMPILER_GLOBAL_ACCENT_COLOR_NAME = AccentColor;
				CODE_SIGN_STYLE = Automatic;
				CURRENT_PROJECT_VERSION = 1;
				DEVELOPMENT_TEAM = 846TMZL7WC;
				GENERATE_INFOPLIST_FILE = YES;
				INFOPLIST_FILE = CustomCameraExample/Info.plist;
				INFOPLIST_KEY_UIApplicationSupportsIndirectInputEvents = YES;
				INFOPLIST_KEY_UILaunchStoryboardName = LaunchScreen;
				INFOPLIST_KEY_UIMainStoryboardFile = Main;
				INFOPLIST_KEY_UISupportedInterfaceOrientations_iPad = "UIInterfaceOrientationPortrait UIInterfaceOrientationPortraitUpsideDown UIInterfaceOrientationLandscapeLeft UIInterfaceOrientationLandscapeRight";
				INFOPLIST_KEY_UISupportedInterfaceOrientations_iPhone = "UIInterfaceOrientationPortrait UIInterfaceOrientationLandscapeLeft UIInterfaceOrientationLandscapeRight";
				IPHONEOS_DEPLOYMENT_TARGET = 14.0;
				LD_RUNPATH_SEARCH_PATHS = (
					"$(inherited)",
					"@executable_path/Frameworks",
				);
				MARKETING_VERSION = 1.0;
				PRODUCT_BUNDLE_IDENTIFIER = com.jisukim.CustomCameraExample;
				PRODUCT_NAME = "$(TARGET_NAME)";
				SWIFT_EMIT_LOC_STRINGS = YES;
				SWIFT_VERSION = 5.0;
				TARGETED_DEVICE_FAMILY = "1,2";
			};
			name = Debug;
		};
		CDF3FB6D2A050AD400C3B223 /* Release */ = {
			isa = XCBuildConfiguration;
			buildSettings = {
				ASSETCATALOG_COMPILER_APPICON_NAME = AppIcon;
				ASSETCATALOG_COMPILER_GLOBAL_ACCENT_COLOR_NAME = AccentColor;
				CODE_SIGN_STYLE = Automatic;
				CURRENT_PROJECT_VERSION = 1;
				DEVELOPMENT_TEAM = 846TMZL7WC;
				GENERATE_INFOPLIST_FILE = YES;
				INFOPLIST_FILE = CustomCameraExample/Info.plist;
				INFOPLIST_KEY_UIApplicationSupportsIndirectInputEvents = YES;
				INFOPLIST_KEY_UILaunchStoryboardName = LaunchScreen;
				INFOPLIST_KEY_UIMainStoryboardFile = Main;
				INFOPLIST_KEY_UISupportedInterfaceOrientations_iPad = "UIInterfaceOrientationPortrait UIInterfaceOrientationPortraitUpsideDown UIInterfaceOrientationLandscapeLeft UIInterfaceOrientationLandscapeRight";
				INFOPLIST_KEY_UISupportedInterfaceOrientations_iPhone = "UIInterfaceOrientationPortrait UIInterfaceOrientationLandscapeLeft UIInterfaceOrientationLandscapeRight";
				IPHONEOS_DEPLOYMENT_TARGET = 14.0;
				LD_RUNPATH_SEARCH_PATHS = (
					"$(inherited)",
					"@executable_path/Frameworks",
				);
				MARKETING_VERSION = 1.0;
				PRODUCT_BUNDLE_IDENTIFIER = com.jisukim.CustomCameraExample;
				PRODUCT_NAME = "$(TARGET_NAME)";
				SWIFT_EMIT_LOC_STRINGS = YES;
				SWIFT_VERSION = 5.0;
				TARGETED_DEVICE_FAMILY = "1,2";
			};
			name = Release;
		};
/* End XCBuildConfiguration section */

/* Begin XCConfigurationList section */
		CDF3FB522A050AD300C3B223 /* Build configuration list for PBXProject "CustomCameraExample" */ = {
			isa = XCConfigurationList;
			buildConfigurations = (
				CDF3FB692A050AD400C3B223 /* Debug */,
				CDF3FB6A2A050AD400C3B223 /* Release */,
			);
			defaultConfigurationIsVisible = 0;
			defaultConfigurationName = Release;
		};
		CDF3FB6B2A050AD400C3B223 /* Build configuration list for PBXNativeTarget "CustomCameraExample" */ = {
			isa = XCConfigurationList;
			buildConfigurations = (
				CDF3FB6C2A050AD400C3B223 /* Debug */,
				CDF3FB6D2A050AD400C3B223 /* Release */,
			);
			defaultConfigurationIsVisible = 0;
			defaultConfigurationName = Release;
		};
/* End XCConfigurationList section */

/* Begin XCRemoteSwiftPackageReference section */
		CD862E932A0621750070BA8A /* XCRemoteSwiftPackageReference "SnapKit" */ = {
			isa = XCRemoteSwiftPackageReference;
			repositoryURL = "https://github.com/SnapKit/SnapKit.git";
			requirement = {
				kind = upToNextMajorVersion;
				minimumVersion = 5.0.0;
			};
		};
		CD862E962A0624280070BA8A /* XCRemoteSwiftPackageReference "RxSwift" */ = {
			isa = XCRemoteSwiftPackageReference;
			repositoryURL = "https://github.com/ReactiveX/RxSwift.git";
			requirement = {
				kind = upToNextMajorVersion;
				minimumVersion = 6.0.0;
			};
		};
/* End XCRemoteSwiftPackageReference section */

/* Begin XCSwiftPackageProductDependency section */
		CD862E942A0621750070BA8A /* SnapKit */ = {
			isa = XCSwiftPackageProductDependency;
			package = CD862E932A0621750070BA8A /* XCRemoteSwiftPackageReference "SnapKit" */;
			productName = SnapKit;
		};
		CD862E972A0624280070BA8A /* RxCocoa */ = {
			isa = XCSwiftPackageProductDependency;
			package = CD862E962A0624280070BA8A /* XCRemoteSwiftPackageReference "RxSwift" */;
			productName = RxCocoa;
		};
		CD862E992A0624280070BA8A /* RxSwift */ = {
			isa = XCSwiftPackageProductDependency;
			package = CD862E962A0624280070BA8A /* XCRemoteSwiftPackageReference "RxSwift" */;
			productName = RxSwift;
		};
/* End XCSwiftPackageProductDependency section */
	};
	rootObject = CDF3FB4F2A050AD300C3B223 /* Project object */;
}
